
Microsoft Visual Studio Solution File, Format Version 12.00
# Visual Studio 15
VisualStudioVersion = 15.0.27130.2036
MinimumVisualStudioVersion = 10.0.40219.1
Project("{FAE04EC0-301F-11D3-BF4B-00C04F79EFBC}") = "Dime.MultiTenancy", "core\Dime.MultiTenancy\Dime.MultiTenancy.csproj", "{CE4A037A-113E-4F45-9DBD-AAE0645EB1F5}"
EndProject
Project("{2150E333-8FDC-42A3-9474-1A3956D46DE8}") = "Test", "Test", "{109CC874-AB46-449F-A1BF-600A2D392B40}"
EndProject
Project("{FAE04EC0-301F-11D3-BF4B-00C04F79EFBC}") = "Dime.SaaS.MultiTenancy.Tests", "test\Dime.MultiTenancy.Tests\Dime.SaaS.MultiTenancy.Tests.csproj", "{FC47A35E-7331-4AF1-B2E5-A7F02A005125}"
EndProject
Project("{FAE04EC0-301F-11D3-BF4B-00C04F79EFBC}") = "Dime.MultiTenancy.Mvc5", "core\Dime.MultiTenancy.Mvc5\Dime.MultiTenancy.Mvc5.csproj", "{154C50CD-6969-4902-9D38-2FF04E6A5180}"
EndProject
Project("{2150E333-8FDC-42A3-9474-1A3956D46DE8}") = "ASP.NET Core", "ASP.NET Core", "{E4DD5089-C3EF-413F-9C7F-58F5D7D8855D}"
EndProject
Project("{9A19103F-16F7-4668-BE54-9A1E7A4F7556}") = "Dime.MultiTenancy.AspNetCore", "core\Dime.MultiTenancy.AspNetCore\Dime.MultiTenancy.AspNetCore.csproj", "{0692AC53-78F3-4A5C-AF1A-186A2FD722E5}"
EndProject
Project("{9A19103F-16F7-4668-BE54-9A1E7A4F7556}") = "Dime.SaaS.MultiTenancy.AspNetCore.Tests", "test\Dime.MultiTenancy.AspNetCore.Tests\Dime.SaaS.MultiTenancy.AspNetCore.Tests.csproj", "{34E50D50-A25E-4B12-A16A-70E6639189BE}"
EndProject
Global
	GlobalSection(SolutionConfigurationPlatforms) = preSolution
		Debug|Any CPU = Debug|Any CPU
		NuGet|Any CPU = NuGet|Any CPU
		Release|Any CPU = Release|Any CPU
	EndGlobalSection
	GlobalSection(ProjectConfigurationPlatforms) = postSolution
		{CE4A037A-113E-4F45-9DBD-AAE0645EB1F5}.Debug|Any CPU.ActiveCfg = Debug|Any CPU
		{CE4A037A-113E-4F45-9DBD-AAE0645EB1F5}.Debug|Any CPU.Build.0 = Debug|Any CPU
		{CE4A037A-113E-4F45-9DBD-AAE0645EB1F5}.NuGet|Any CPU.ActiveCfg = NuGet|Any CPU
		{CE4A037A-113E-4F45-9DBD-AAE0645EB1F5}.NuGet|Any CPU.Build.0 = NuGet|Any CPU
		{CE4A037A-113E-4F45-9DBD-AAE0645EB1F5}.Release|Any CPU.ActiveCfg = Release|Any CPU
		{CE4A037A-113E-4F45-9DBD-AAE0645EB1F5}.Release|Any CPU.Build.0 = Release|Any CPU
		{FC47A35E-7331-4AF1-B2E5-A7F02A005125}.Debug|Any CPU.ActiveCfg = Debug|Any CPU
		{FC47A35E-7331-4AF1-B2E5-A7F02A005125}.Debug|Any CPU.Build.0 = Debug|Any CPU
		{FC47A35E-7331-4AF1-B2E5-A7F02A005125}.NuGet|Any CPU.ActiveCfg = Release|Any CPU
		{FC47A35E-7331-4AF1-B2E5-A7F02A005125}.NuGet|Any CPU.Build.0 = Release|Any CPU
		{FC47A35E-7331-4AF1-B2E5-A7F02A005125}.Release|Any CPU.ActiveCfg = Release|Any CPU
		{FC47A35E-7331-4AF1-B2E5-A7F02A005125}.Release|Any CPU.Build.0 = Release|Any CPU
		{154C50CD-6969-4902-9D38-2FF04E6A5180}.Debug|Any CPU.ActiveCfg = Debug|Any CPU
		{154C50CD-6969-4902-9D38-2FF04E6A5180}.Debug|Any CPU.Build.0 = Debug|Any CPU
		{154C50CD-6969-4902-9D38-2FF04E6A5180}.NuGet|Any CPU.ActiveCfg = NuGet|Any CPU
		{154C50CD-6969-4902-9D38-2FF04E6A5180}.NuGet|Any CPU.Build.0 = NuGet|Any CPU
		{154C50CD-6969-4902-9D38-2FF04E6A5180}.Release|Any CPU.ActiveCfg = Release|Any CPU
		{154C50CD-6969-4902-9D38-2FF04E6A5180}.Release|Any CPU.Build.0 = Release|Any CPU
		{0692AC53-78F3-4A5C-AF1A-186A2FD722E5}.Debug|Any CPU.ActiveCfg = Debug|Any CPU
		{0692AC53-78F3-4A5C-AF1A-186A2FD722E5}.Debug|Any CPU.Build.0 = Debug|Any CPU
		{0692AC53-78F3-4A5C-AF1A-186A2FD722E5}.NuGet|Any CPU.ActiveCfg = Release|Any CPU
		{0692AC53-78F3-4A5C-AF1A-186A2FD722E5}.NuGet|Any CPU.Build.0 = Release|Any CPU
		{0692AC53-78F3-4A5C-AF1A-186A2FD722E5}.Release|Any CPU.ActiveCfg = Release|Any CPU
		{0692AC53-78F3-4A5C-AF1A-186A2FD722E5}.Release|Any CPU.Build.0 = Release|Any CPU
		{34E50D50-A25E-4B12-A16A-70E6639189BE}.Debug|Any CPU.ActiveCfg = Debug|Any CPU
		{34E50D50-A25E-4B12-A16A-70E6639189BE}.Debug|Any CPU.Build.0 = Debug|Any CPU
		{34E50D50-A25E-4B12-A16A-70E6639189BE}.NuGet|Any CPU.ActiveCfg = Debug|Any CPU
		{34E50D50-A25E-4B12-A16A-70E6639189BE}.NuGet|Any CPU.Build.0 = Debug|Any CPU
		{34E50D50-A25E-4B12-A16A-70E6639189BE}.Release|Any CPU.ActiveCfg = Release|Any CPU
		{34E50D50-A25E-4B12-A16A-70E6639189BE}.Release|Any CPU.Build.0 = Release|Any CPU
	EndGlobalSection
	GlobalSection(SolutionProperties) = preSolution
		HideSolutionNode = FALSE
	EndGlobalSection
	GlobalSection(NestedProjects) = preSolution
		{FC47A35E-7331-4AF1-B2E5-A7F02A005125} = {109CC874-AB46-449F-A1BF-600A2D392B40}
		{0692AC53-78F3-4A5C-AF1A-186A2FD722E5} = {E4DD5089-C3EF-413F-9C7F-58F5D7D8855D}
		{34E50D50-A25E-4B12-A16A-70E6639189BE} = {109CC874-AB46-449F-A1BF-600A2D392B40}
	EndGlobalSection
	GlobalSection(ExtensibilityGlobals) = postSolution
		SolutionGuid = {7F4D2184-4940-42EB-A703-3BA4AE5B6A18}
	EndGlobalSection
EndGlobal
